// !$*UTF8*$!
{
	archiveVersion = 1;
	classes = {
	};
	objectVersion = 46;
	objects = {

/* Begin PBXBuildFile section */
		E17764331BE5AC48006E69C3 /* RatingControl.swift in Sources */ = {isa = PBXBuildFile; fileRef = E17764321BE5AC48006E69C3 /* RatingControl.swift */; };
		E17764371BE69F23006E69C3 /* Meal.swift in Sources */ = {isa = PBXBuildFile; fileRef = E17764361BE69F23006E69C3 /* Meal.swift */; };
		E17764381BE69F23006E69C3 /* Meal.swift in Sources */ = {isa = PBXBuildFile; fileRef = E17764361BE69F23006E69C3 /* Meal.swift */; };
		E177643A1BE7083B006E69C3 /* MealTableViewCell.swift in Sources */ = {isa = PBXBuildFile; fileRef = E17764391BE7083B006E69C3 /* MealTableViewCell.swift */; };
		E177643C1BE71146006E69C3 /* MealTableViewController.swift in Sources */ = {isa = PBXBuildFile; fileRef = E177643B1BE71146006E69C3 /* MealTableViewController.swift */; };
		E1E349161BE5288B00FC4E5D /* AppDelegate.swift in Sources */ = {isa = PBXBuildFile; fileRef = E1E349151BE5288B00FC4E5D /* AppDelegate.swift */; };
		E1E349181BE5288B00FC4E5D /* MealViewController.swift in Sources */ = {isa = PBXBuildFile; fileRef = E1E349171BE5288B00FC4E5D /* MealViewController.swift */; };
		E1E3491B1BE5288B00FC4E5D /* Main.storyboard in Resources */ = {isa = PBXBuildFile; fileRef = E1E349191BE5288B00FC4E5D /* Main.storyboard */; };
		E1E3491D1BE5288B00FC4E5D /* Assets.xcassets in Resources */ = {isa = PBXBuildFile; fileRef = E1E3491C1BE5288B00FC4E5D /* Assets.xcassets */; };
		E1E349201BE5288B00FC4E5D /* LaunchScreen.storyboard in Resources */ = {isa = PBXBuildFile; fileRef = E1E3491E1BE5288B00FC4E5D /* LaunchScreen.storyboard */; };
		E1E3492B1BE5288B00FC4E5D /* FoodTrackerTests.swift in Sources */ = {isa = PBXBuildFile; fileRef = E1E3492A1BE5288B00FC4E5D /* FoodTrackerTests.swift */; };
/* End PBXBuildFile section */

/* Begin PBXContainerItemProxy section */
		E1E349271BE5288B00FC4E5D /* PBXContainerItemProxy */ = {
			isa = PBXContainerItemProxy;
			containerPortal = E1E3490A1BE5288B00FC4E5D /* Project object */;
			proxyType = 1;
			remoteGlobalIDString = E1E349111BE5288B00FC4E5D;
			remoteInfo = FoodTracker;
		};
/* End PBXContainerItemProxy section */

/* Begin PBXFileReference section */
		E17764321BE5AC48006E69C3 /* RatingControl.swift */ = {isa = PBXFileReference; fileEncoding = 4; lastKnownFileType = sourcecode.swift; path = RatingControl.swift; sourceTree = "<group>"; };
		E17764361BE69F23006E69C3 /* Meal.swift */ = {isa = PBXFileReference; fileEncoding = 4; lastKnownFileType = sourcecode.swift; path = Meal.swift; sourceTree = "<group>"; };
		E17764391BE7083B006E69C3 /* MealTableViewCell.swift */ = {isa = PBXFileReference; fileEncoding = 4; lastKnownFileType = sourcecode.swift; path = MealTableViewCell.swift; sourceTree = "<group>"; };
		E177643B1BE71146006E69C3 /* MealTableViewController.swift */ = {isa = PBXFileReference; fileEncoding = 4; lastKnownFileType = sourcecode.swift; path = MealTableViewController.swift; sourceTree = "<group>"; };
		E1E349121BE5288B00FC4E5D /* FoodTracker.app */ = {isa = PBXFileReference; explicitFileType = wrapper.application; includeInIndex = 0; path = FoodTracker.app; sourceTree = BUILT_PRODUCTS_DIR; };
		E1E349151BE5288B00FC4E5D /* AppDelegate.swift */ = {isa = PBXFileReference; lastKnownFileType = sourcecode.swift; path = AppDelegate.swift; sourceTree = "<group>"; };
		E1E349171BE5288B00FC4E5D /* MealViewController.swift */ = {isa = PBXFileReference; lastKnownFileType = sourcecode.swift; path = MealViewController.swift; sourceTree = "<group>"; };
		E1E3491A1BE5288B00FC4E5D /* Base */ = {isa = PBXFileReference; lastKnownFileType = file.storyboard; name = Base; path = Base.lproj/Main.storyboard; sourceTree = "<group>"; };
		E1E3491C1BE5288B00FC4E5D /* Assets.xcassets */ = {isa = PBXFileReference; lastKnownFileType = folder.assetcatalog; path = Assets.xcassets; sourceTree = "<group>"; };
		E1E3491F1BE5288B00FC4E5D /* Base */ = {isa = PBXFileReference; lastKnownFileType = file.storyboard; name = Base; path = Base.lproj/LaunchScreen.storyboard; sourceTree = "<group>"; };
		E1E349211BE5288B00FC4E5D /* Info.plist */ = {isa = PBXFileReference; lastKnownFileType = text.plist.xml; path = Info.plist; sourceTree = "<group>"; };
		E1E349261BE5288B00FC4E5D /* FoodTrackerTests.xctest */ = {isa = PBXFileReference; explicitFileType = wrapper.cfbundle; includeInIndex = 0; path = FoodTrackerTests.xctest; sourceTree = BUILT_PRODUCTS_DIR; };
		E1E3492A1BE5288B00FC4E5D /* FoodTrackerTests.swift */ = {isa = PBXFileReference; lastKnownFileType = sourcecode.swift; path = FoodTrackerTests.swift; sourceTree = "<group>"; };
		E1E3492C1BE5288B00FC4E5D /* Info.plist */ = {isa = PBXFileReference; lastKnownFileType = text.plist.xml; path = Info.plist; sourceTree = "<group>"; };
/* End PBXFileReference section */

/* Begin PBXFrameworksBuildPhase section */
		E1E3490F1BE5288B00FC4E5D /* Frameworks */ = {
			isa = PBXFrameworksBuildPhase;
			buildActionMask = 2147483647;
			files = (
			);
			runOnlyForDeploymentPostprocessing = 0;
		};
		E1E349231BE5288B00FC4E5D /* Frameworks */ = {
			isa = PBXFrameworksBuildPhase;
			buildActionMask = 2147483647;
			files = (
			);
			runOnlyForDeploymentPostprocessing = 0;
		};
/* End PBXFrameworksBuildPhase section */

/* Begin PBXGroup section */
		E1E349091BE5288B00FC4E5D = {
			isa = PBXGroup;
			children = (
				E1E349141BE5288B00FC4E5D /* FoodTracker */,
				E1E349291BE5288B00FC4E5D /* FoodTrackerTests */,
				E1E349131BE5288B00FC4E5D /* Products */,
			);
			sourceTree = "<group>";
		};
		E1E349131BE5288B00FC4E5D /* Products */ = {
			isa = PBXGroup;
			children = (
				E1E349121BE5288B00FC4E5D /* FoodTracker.app */,
				E1E349261BE5288B00FC4E5D /* FoodTrackerTests.xctest */,
			);
			name = Products;
			sourceTree = "<group>";
		};
		E1E349141BE5288B00FC4E5D /* FoodTracker */ = {
			isa = PBXGroup;
			children = (
				E1E349151BE5288B00FC4E5D /* AppDelegate.swift */,
				E1E349171BE5288B00FC4E5D /* MealViewController.swift */,
				E1E349191BE5288B00FC4E5D /* Main.storyboard */,
				E177643B1BE71146006E69C3 /* MealTableViewController.swift */,
				E17764391BE7083B006E69C3 /* MealTableViewCell.swift */,
				E17764361BE69F23006E69C3 /* Meal.swift */,
				E17764321BE5AC48006E69C3 /* RatingControl.swift */,
				E1E3491C1BE5288B00FC4E5D /* Assets.xcassets */,
				E1E3491E1BE5288B00FC4E5D /* LaunchScreen.storyboard */,
				E1E349211BE5288B00FC4E5D /* Info.plist */,
			);
			path = FoodTracker;
			sourceTree = "<group>";
		};
		E1E349291BE5288B00FC4E5D /* FoodTrackerTests */ = {
			isa = PBXGroup;
			children = (
				E1E3492A1BE5288B00FC4E5D /* FoodTrackerTests.swift */,
				E1E3492C1BE5288B00FC4E5D /* Info.plist */,
			);
			path = FoodTrackerTests;
			sourceTree = "<group>";
		};
/* End PBXGroup section */

/* Begin PBXNativeTarget section */
		E1E349111BE5288B00FC4E5D /* FoodTracker */ = {
			isa = PBXNativeTarget;
			buildConfigurationList = E1E3492F1BE5288B00FC4E5D /* Build configuration list for PBXNativeTarget "FoodTracker" */;
			buildPhases = (
				E1E3490E1BE5288B00FC4E5D /* Sources */,
				E1E3490F1BE5288B00FC4E5D /* Frameworks */,
				E1E349101BE5288B00FC4E5D /* Resources */,
			);
			buildRules = (
			);
			dependencies = (
			);
			name = FoodTracker;
			productName = FoodTracker;
			productReference = E1E349121BE5288B00FC4E5D /* FoodTracker.app */;
			productType = "com.apple.product-type.application";
		};
		E1E349251BE5288B00FC4E5D /* FoodTrackerTests */ = {
			isa = PBXNativeTarget;
			buildConfigurationList = E1E349321BE5288B00FC4E5D /* Build configuration list for PBXNativeTarget "FoodTrackerTests" */;
			buildPhases = (
				E1E349221BE5288B00FC4E5D /* Sources */,
				E1E349231BE5288B00FC4E5D /* Frameworks */,
				E1E349241BE5288B00FC4E5D /* Resources */,
			);
			buildRules = (
			);
			dependencies = (
				E1E349281BE5288B00FC4E5D /* PBXTargetDependency */,
			);
			name = FoodTrackerTests;
			productName = FoodTrackerTests;
			productReference = E1E349261BE5288B00FC4E5D /* FoodTrackerTests.xctest */;
			productType = "com.apple.product-type.bundle.unit-test";
		};
/* End PBXNativeTarget section */

/* Begin PBXProject section */
		E1E3490A1BE5288B00FC4E5D /* Project object */ = {
			isa = PBXProject;
			attributes = {
				LastSwiftUpdateCheck = 0710;
				LastUpgradeCheck = 0710;
				ORGANIZATIONNAME = "matthew weintrub";
				TargetAttributes = {
					E1E349111BE5288B00FC4E5D = {
						CreatedOnToolsVersion = 7.1;
					};
					E1E349251BE5288B00FC4E5D = {
						CreatedOnToolsVersion = 7.1;
						TestTargetID = E1E349111BE5288B00FC4E5D;
					};
				};
			};
			buildConfigurationList = E1E3490D1BE5288B00FC4E5D /* Build configuration list for PBXProject "FoodTracker" */;
			compatibilityVersion = "Xcode 3.2";
			developmentRegion = English;
			hasScannedForEncodings = 0;
			knownRegions = (
				en,
				Base,
			);
			mainGroup = E1E349091BE5288B00FC4E5D;
			productRefGroup = E1E349131BE5288B00FC4E5D /* Products */;
			projectDirPath = "";
			projectRoot = "";
			targets = (
				E1E349111BE5288B00FC4E5D /* FoodTracker */,
				E1E349251BE5288B00FC4E5D /* FoodTrackerTests */,
			);
		};
/* End PBXProject section */

/* Begin PBXResourcesBuildPhase section */
		E1E349101BE5288B00FC4E5D /* Resources */ = {
			isa = PBXResourcesBuildPhase;
			buildActionMask = 2147483647;
			files = (
				E1E349201BE5288B00FC4E5D /* LaunchScreen.storyboard in Resources */,
				E1E3491D1BE5288B00FC4E5D /* Assets.xcassets in Resources */,
				E1E3491B1BE5288B00FC4E5D /* Main.storyboard in Resources */,
			);
			runOnlyForDeploymentPostprocessing = 0;
		};
		E1E349241BE5288B00FC4E5D /* Resources */ = {
			isa = PBXResourcesBuildPhase;
			buildActionMask = 2147483647;
			files = (
			);
			runOnlyForDeploymentPostprocessing = 0;
		};
/* End PBXResourcesBuildPhase section */

/* Begin PBXSourcesBuildPhase section */
		E1E3490E1BE5288B00FC4E5D /* Sources */ = {
			isa = PBXSourcesBuildPhase;
			buildActionMask = 2147483647;
			files = (
				E17764371BE69F23006E69C3 /* Meal.swift in Sources */,
				E1E349181BE5288B00FC4E5D /* MealViewController.swift in Sources */,
				E17764331BE5AC48006E69C3 /* RatingControl.swift in Sources */,
				E1E349161BE5288B00FC4E5D /* AppDelegate.swift in Sources */,
				E177643C1BE71146006E69C3 /* MealTableViewController.swift in Sources */,
				E177643A1BE7083B006E69C3 /* MealTableViewCell.swift in Sources */,
			);
			runOnlyForDeploymentPostprocessing = 0;
		};
		E1E349221BE5288B00FC4E5D /* Sources */ = {
			isa = PBXSourcesBuildPhase;
			buildActionMask = 2147483647;
			files = (
				E17764381BE69F23006E69C3 /* Meal.swift in Sources */,
				E1E3492B1BE5288B00FC4E5D /* FoodTrackerTests.swift in Sources */,
			);
			runOnlyForDeploymentPostprocessing = 0;
		};
/* End PBXSourcesBuildPhase section */

/* Begin PBXTargetDependency section */
		E1E349281BE5288B00FC4E5D /* PBXTargetDependency */ = {
			isa = PBXTargetDependency;
			target = E1E349111BE5288B00FC4E5D /* FoodTracker */;
			targetProxy = E1E349271BE5288B00FC4E5D /* PBXContainerItemProxy */;
		};
/* End PBXTargetDependency section */

/* Begin PBXVariantGroup section */
		E1E349191BE5288B00FC4E5D /* Main.storyboard */ = {
			isa = PBXVariantGroup;
			children = (
				E1E3491A1BE5288B00FC4E5D /* Base */,
			);
			name = Main.storyboard;
			sourceTree = "<group>";
		};
		E1E3491E1BE5288B00FC4E5D /* LaunchScreen.storyboard */ = {
			isa = PBXVariantGroup;
			children = (
				E1E3491F1BE5288B00FC4E5D /* Base */,
			);
			name = LaunchScreen.storyboard;
			sourceTree = "<group>";
		};
/* End PBXVariantGroup section */

/* Begin XCBuildConfiguration section */
		E1E3492D1BE5288B00FC4E5D /* Debug */ = {
			isa = XCBuildConfiguration;
			buildSettings = {
				ALWAYS_SEARCH_USER_PATHS = NO;
				CLANG_CXX_LANGUAGE_STANDARD = "gnu++0x";
				CLANG_CXX_LIBRARY = "libc++";
				CLANG_ENABLE_MODULES = YES;
				CLANG_ENABLE_OBJC_ARC = YES;
				CLANG_WARN_BOOL_CONVERSION = YES;
				CLANG_WARN_CONSTANT_CONVERSION = YES;
				CLANG_WARN_DIRECT_OBJC_ISA_USAGE = YES_ERROR;
				CLANG_WARN_EMPTY_BODY = YES;
				CLANG_WARN_ENUM_CONVERSION = YES;
				CLANG_WARN_INT_CONVERSION = YES;
				CLANG_WARN_OBJC_ROOT_CLASS = YES_ERROR;
				CLANG_WARN_UNREACHABLE_CODE = YES;
				CLANG_WARN__DUPLICATE_METHOD_MATCH = YES;
				"CODE_SIGN_IDENTITY[sdk=iphoneos*]" = "iPhone Developer";
				COPY_PHASE_STRIP = NO;
				DEBUG_INFORMATION_FORMAT = dwarf;
				ENABLE_STRICT_OBJC_MSGSEND = YES;
				ENABLE_TESTABILITY = YES;
				GCC_C_LANGUAGE_STANDARD = gnu99;
				GCC_DYNAMIC_NO_PIC = NO;
				GCC_NO_COMMON_BLOCKS = YES;
				GCC_OPTIMIZATION_LEVEL = 0;
				GCC_PREPROCESSOR_DEFINITIONS = (
					"DEBUG=1",
					"$(inherited)",
				);
				GCC_WARN_64_TO_32_BIT_CONVERSION = YES;
				GCC_WARN_ABOUT_RETURN_TYPE = YES_ERROR;
				GCC_WARN_UNDECLARED_SELECTOR = YES;
				GCC_WARN_UNINITIALIZED_AUTOS = YES_AGGRESSIVE;
				GCC_WARN_UNUSED_FUNCTION = YES;
				GCC_WARN_UNUSED_VARIABLE = YES;
				IPHONEOS_DEPLOYMENT_TARGET = 9.1;
				MTL_ENABLE_DEBUG_INFO = YES;
				ONLY_ACTIVE_ARCH = YES;
				SDKROOT = iphoneos;
				SWIFT_OPTIMIZATION_LEVEL = "-Onone";
				TARGETED_DEVICE_FAMILY = "1,2";
			};
			name = Debug;
		};
		E1E3492E1BE5288B00FC4E5D /* Release */ = {
			isa = XCBuildConfiguration;
			buildSettings = {
				ALWAYS_SEARCH_USER_PATHS = NO;
				CLANG_CXX_LANGUAGE_STANDARD = "gnu++0x";
				CLANG_CXX_LIBRARY = "libc++";
				CLANG_ENABLE_MODULES = YES;
				CLANG_ENABLE_OBJC_ARC = YES;
				CLANG_WARN_BOOL_CONVERSION = YES;
				CLANG_WARN_CONSTANT_CONVERSION = YES;
				CLANG_WARN_DIRECT_OBJC_ISA_USAGE = YES_ERROR;
				CLANG_WARN_EMPTY_BODY = YES;
				CLANG_WARN_ENUM_CONVERSION = YES;
				CLANG_WARN_INT_CONVERSION = YES;
				CLANG_WARN_OBJC_ROOT_CLASS = YES_ERROR;
				CLANG_WARN_UNREACHABLE_CODE = YES;
				CLANG_WARN__DUPLICATE_METHOD_MATCH = YES;
				"CODE_SIGN_IDENTITY[sdk=iphoneos*]" = "iPhone Developer";
				COPY_PHASE_STRIP = NO;
				DEBUG_INFORMATION_FORMAT = "dwarf-with-dsym";
				ENABLE_NS_ASSERTIONS = NO;
				ENABLE_STRICT_OBJC_MSGSEND = YES;
				GCC_C_LANGUAGE_STANDARD = gnu99;
				GCC_NO_COMMON_BLOCKS = YES;
				GCC_WARN_64_TO_32_BIT_CONVERSION = YES;
				GCC_WARN_ABOUT_RETURN_TYPE = YES_ERROR;
				GCC_WARN_UNDECLARED_SELECTOR = YES;
				GCC_WARN_UNINITIALIZED_AUTOS = YES_AGGRESSIVE;
				GCC_WARN_UNUSED_FUNCTION = YES;
				GCC_WARN_UNUSED_VARIABLE = YES;
				IPHONEOS_DEPLOYMENT_TARGET = 9.1;
				MTL_ENABLE_DEBUG_INFO = NO;
				SDKROOT = iphoneos;
				TARGETED_DEVICE_FAMILY = "1,2";
				VALIDATE_PRODUCT = YES;
			};
			name = Release;
		};
		E1E349301BE5288B00FC4E5D /* Debug */ = {
			isa = XCBuildConfiguration;
			buildSettings = {
				ASSETCATALOG_COMPILER_APPICON_NAME = AppIcon;
				INFOPLIST_FILE = FoodTracker/Info.plist;
				LD_RUNPATH_SEARCH_PATHS = "$(inherited) @executable_path/Frameworks";
				PRODUCT_BUNDLE_IDENTIFIER = com.trub.FoodTracker;
				PRODUCT_NAME = "$(TARGET_NAME)";
			};
			name = Debug;
		};
		E1E349311BE5288B00FC4E5D /* Release */ = {
			isa = XCBuildConfiguration;
			buildSettings = {
				ASSETCATALOG_COMPILER_APPICON_NAME = AppIcon;
				INFOPLIST_FILE = FoodTracker/Info.plist;
				LD_RUNPATH_SEARCH_PATHS = "$(inherited) @executable_path/Frameworks";
				PRODUCT_BUNDLE_IDENTIFIER = com.trub.FoodTracker;
				PRODUCT_NAME = "$(TARGET_NAME)";
			};
			name = Release;
		};
		E1E349331BE5288B00FC4E5D /* Debug */ = {
			isa = XCBuildConfiguration;
			buildSettings = {
				BUNDLE_LOADER = "$(TEST_HOST)";
				INFOPLIST_FILE = FoodTrackerTests/Info.plist;
				LD_RUNPATH_SEARCH_PATHS = "$(inherited) @executable_path/Frameworks @loader_path/Frameworks";
				PRODUCT_BUNDLE_IDENTIFIER = com.trub.FoodTrackerTests;
				PRODUCT_NAME = "$(TARGET_NAME)";
				TEST_HOST = "$(BUILT_PRODUCTS_DIR)/FoodTracker.app/FoodTracker";
			};
			name = Debug;
		};
		E1E349341BE5288B00FC4E5D /* Release */ = {
			isa = XCBuildConfiguration;
			buildSettings = {
				BUNDLE_LOADER = "$(TEST_HOST)";
				INFOPLIST_FILE = FoodTrackerTests/Info.plist;
				LD_RUNPATH_SEARCH_PATHS = "$(inherited) @executable_path/Frameworks @loader_path/Frameworks";
				PRODUCT_BUNDLE_IDENTIFIER = com.trub.FoodTrackerTests;
				PRODUCT_NAME = "$(TARGET_NAME)";
				TEST_HOST = "$(BUILT_PRODUCTS_DIR)/FoodTracker.app/FoodTracker";
			};
			name = Release;
		};
/* End XCBuildConfiguration section */

/* Begin XCConfigurationList section */
		E1E3490D1BE5288B00FC4E5D /* Build configuration list for PBXProject "FoodTracker" */ = {
			isa = XCConfigurationList;
			buildConfigurations = (
				E1E3492D1BE5288B00FC4E5D /* Debug */,
				E1E3492E1BE5288B00FC4E5D /* Release */,
			);
			defaultConfigurationIsVisible = 0;
			defaultConfigurationName = Release;
		};
		E1E3492F1BE5288B00FC4E5D /* Build configuration list for PBXNativeTarget "FoodTracker" */ = {
			isa = XCConfigurationList;
			buildConfigurations = (
				E1E349301BE5288B00FC4E5D /* Debug */,
				E1E349311BE5288B00FC4E5D /* Release */,
			);
			defaultConfigurationIsVisible = 0;
			defaultConfigurationName = Release;
		};
		E1E349321BE5288B00FC4E5D /* Build configuration list for PBXNativeTarget "FoodTrackerTests" */ = {
			isa = XCConfigurationList;
			buildConfigurations = (
				E1E349331BE5288B00FC4E5D /* Debug */,
				E1E349341BE5288B00FC4E5D /* Release */,
			);
			defaultConfigurationIsVisible = 0;
			defaultConfigurationName = Release;
		};
/* End XCConfigurationList section */
	};
	rootObject = E1E3490A1BE5288B00FC4E5D /* Project object */;
}
